// !$*UTF8*$!
{
	archiveVersion = 1;
	classes = {
	};
	objectVersion = 46;
	objects = {

/* Begin PBXBuildFile section */
		84949D371EC9CDB000138206 /* AppDelegate.swift in Sources */ = {isa = PBXBuildFile; fileRef = 84949D361EC9CDB000138206 /* AppDelegate.swift */; };
		84949D391EC9CDB000138206 /* ViewController.swift in Sources */ = {isa = PBXBuildFile; fileRef = 84949D381EC9CDB000138206 /* ViewController.swift */; };
		84949D3C1EC9CDB000138206 /* Main.storyboard in Resources */ = {isa = PBXBuildFile; fileRef = 84949D3A1EC9CDB000138206 /* Main.storyboard */; };
		84949D3E1EC9CDB000138206 /* Assets.xcassets in Resources */ = {isa = PBXBuildFile; fileRef = 84949D3D1EC9CDB000138206 /* Assets.xcassets */; };
		84949D411EC9CDB000138206 /* LaunchScreen.storyboard in Resources */ = {isa = PBXBuildFile; fileRef = 84949D3F1EC9CDB000138206 /* LaunchScreen.storyboard */; };
		84949D4C1EC9CDB000138206 /* ControlHandlerTests.swift in Sources */ = {isa = PBXBuildFile; fileRef = 84949D4B1EC9CDB000138206 /* ControlHandlerTests.swift */; };
		84949D571EC9CDB000138206 /* ControlHandlerUITests.swift in Sources */ = {isa = PBXBuildFile; fileRef = 84949D561EC9CDB000138206 /* ControlHandlerUITests.swift */; };
		84949D651EC9CF2E00138206 /* ControlHandler.swift in Sources */ = {isa = PBXBuildFile; fileRef = 84949D641EC9CF2E00138206 /* ControlHandler.swift */; };
/* End PBXBuildFile section */

/* Begin PBXContainerItemProxy section */
		84949D481EC9CDB000138206 /* PBXContainerItemProxy */ = {
			isa = PBXContainerItemProxy;
			containerPortal = 84949D2B1EC9CDB000138206 /* Project object */;
			proxyType = 1;
			remoteGlobalIDString = 84949D321EC9CDB000138206;
			remoteInfo = ControlHandler;
		};
		84949D531EC9CDB000138206 /* PBXContainerItemProxy */ = {
			isa = PBXContainerItemProxy;
			containerPortal = 84949D2B1EC9CDB000138206 /* Project object */;
			proxyType = 1;
			remoteGlobalIDString = 84949D321EC9CDB000138206;
			remoteInfo = ControlHandler;
		};
/* End PBXContainerItemProxy section */

/* Begin PBXFileReference section */
		84949D331EC9CDB000138206 /* ControlHandler.app */ = {isa = PBXFileReference; explicitFileType = wrapper.application; includeInIndex = 0; path = ControlHandler.app; sourceTree = BUILT_PRODUCTS_DIR; };
		84949D361EC9CDB000138206 /* AppDelegate.swift */ = {isa = PBXFileReference; lastKnownFileType = sourcecode.swift; path = AppDelegate.swift; sourceTree = "<group>"; };
		84949D381EC9CDB000138206 /* ViewController.swift */ = {isa = PBXFileReference; lastKnownFileType = sourcecode.swift; path = ViewController.swift; sourceTree = "<group>"; };
		84949D3B1EC9CDB000138206 /* Base */ = {isa = PBXFileReference; lastKnownFileType = file.storyboard; name = Base; path = Base.lproj/Main.storyboard; sourceTree = "<group>"; };
		84949D3D1EC9CDB000138206 /* Assets.xcassets */ = {isa = PBXFileReference; lastKnownFileType = folder.assetcatalog; path = Assets.xcassets; sourceTree = "<group>"; };
		84949D401EC9CDB000138206 /* Base */ = {isa = PBXFileReference; lastKnownFileType = file.storyboard; name = Base; path = Base.lproj/LaunchScreen.storyboard; sourceTree = "<group>"; };
		84949D421EC9CDB000138206 /* Info.plist */ = {isa = PBXFileReference; lastKnownFileType = text.plist.xml; path = Info.plist; sourceTree = "<group>"; };
		84949D471EC9CDB000138206 /* ControlHandlerTests.xctest */ = {isa = PBXFileReference; explicitFileType = wrapper.cfbundle; includeInIndex = 0; path = ControlHandlerTests.xctest; sourceTree = BUILT_PRODUCTS_DIR; };
		84949D4B1EC9CDB000138206 /* ControlHandlerTests.swift */ = {isa = PBXFileReference; lastKnownFileType = sourcecode.swift; path = ControlHandlerTests.swift; sourceTree = "<group>"; };
		84949D4D1EC9CDB000138206 /* Info.plist */ = {isa = PBXFileReference; lastKnownFileType = text.plist.xml; path = Info.plist; sourceTree = "<group>"; };
		84949D521EC9CDB000138206 /* ControlHandlerUITests.xctest */ = {isa = PBXFileReference; explicitFileType = wrapper.cfbundle; includeInIndex = 0; path = ControlHandlerUITests.xctest; sourceTree = BUILT_PRODUCTS_DIR; };
		84949D561EC9CDB000138206 /* ControlHandlerUITests.swift */ = {isa = PBXFileReference; lastKnownFileType = sourcecode.swift; path = ControlHandlerUITests.swift; sourceTree = "<group>"; };
		84949D581EC9CDB000138206 /* Info.plist */ = {isa = PBXFileReference; lastKnownFileType = text.plist.xml; path = Info.plist; sourceTree = "<group>"; };
		84949D641EC9CF2E00138206 /* ControlHandler.swift */ = {isa = PBXFileReference; fileEncoding = 4; lastKnownFileType = sourcecode.swift; path = ControlHandler.swift; sourceTree = "<group>"; };
/* End PBXFileReference section */

/* Begin PBXFrameworksBuildPhase section */
		84949D301EC9CDB000138206 /* Frameworks */ = {
			isa = PBXFrameworksBuildPhase;
			buildActionMask = 2147483647;
			files = (
			);
			runOnlyForDeploymentPostprocessing = 0;
		};
		84949D441EC9CDB000138206 /* Frameworks */ = {
			isa = PBXFrameworksBuildPhase;
			buildActionMask = 2147483647;
			files = (
			);
			runOnlyForDeploymentPostprocessing = 0;
		};
		84949D4F1EC9CDB000138206 /* Frameworks */ = {
			isa = PBXFrameworksBuildPhase;
			buildActionMask = 2147483647;
			files = (
			);
			runOnlyForDeploymentPostprocessing = 0;
		};
/* End PBXFrameworksBuildPhase section */

/* Begin PBXGroup section */
		84949D2A1EC9CDB000138206 = {
			isa = PBXGroup;
			children = (
				84949D351EC9CDB000138206 /* ControlHandler */,
				84949D4A1EC9CDB000138206 /* ControlHandlerTests */,
				84949D551EC9CDB000138206 /* ControlHandlerUITests */,
				84949D341EC9CDB000138206 /* Products */,
			);
			sourceTree = "<group>";
		};
		84949D341EC9CDB000138206 /* Products */ = {
			isa = PBXGroup;
			children = (
				84949D331EC9CDB000138206 /* ControlHandler.app */,
				84949D471EC9CDB000138206 /* ControlHandlerTests.xctest */,
				84949D521EC9CDB000138206 /* ControlHandlerUITests.xctest */,
			);
			name = Products;
			sourceTree = "<group>";
		};
		84949D351EC9CDB000138206 /* ControlHandler */ = {
			isa = PBXGroup;
			children = (
				84949D361EC9CDB000138206 /* AppDelegate.swift */,
				84949D381EC9CDB000138206 /* ViewController.swift */,
				84949D3A1EC9CDB000138206 /* Main.storyboard */,
				84949D3D1EC9CDB000138206 /* Assets.xcassets */,
				84949D3F1EC9CDB000138206 /* LaunchScreen.storyboard */,
				84949D421EC9CDB000138206 /* Info.plist */,
				84949D641EC9CF2E00138206 /* ControlHandler.swift */,
			);
			path = ControlHandler;
			sourceTree = "<group>";
		};
		84949D4A1EC9CDB000138206 /* ControlHandlerTests */ = {
			isa = PBXGroup;
			children = (
				84949D4B1EC9CDB000138206 /* ControlHandlerTests.swift */,
				84949D4D1EC9CDB000138206 /* Info.plist */,
			);
			path = ControlHandlerTests;
			sourceTree = "<group>";
		};
		84949D551EC9CDB000138206 /* ControlHandlerUITests */ = {
			isa = PBXGroup;
			children = (
				84949D561EC9CDB000138206 /* ControlHandlerUITests.swift */,
				84949D581EC9CDB000138206 /* Info.plist */,
			);
			path = ControlHandlerUITests;
			sourceTree = "<group>";
		};
/* End PBXGroup section */

/* Begin PBXNativeTarget section */
		84949D321EC9CDB000138206 /* ControlHandler */ = {
			isa = PBXNativeTarget;
			buildConfigurationList = 84949D5B1EC9CDB000138206 /* Build configuration list for PBXNativeTarget "ControlHandler" */;
			buildPhases = (
				84949D2F1EC9CDB000138206 /* Sources */,
				84949D301EC9CDB000138206 /* Frameworks */,
				84949D311EC9CDB000138206 /* Resources */,
			);
			buildRules = (
			);
			dependencies = (
			);
			name = ControlHandler;
			productName = ControlHandler;
			productReference = 84949D331EC9CDB000138206 /* ControlHandler.app */;
			productType = "com.apple.product-type.application";
		};
		84949D461EC9CDB000138206 /* ControlHandlerTests */ = {
			isa = PBXNativeTarget;
			buildConfigurationList = 84949D5E1EC9CDB000138206 /* Build configuration list for PBXNativeTarget "ControlHandlerTests" */;
			buildPhases = (
				84949D431EC9CDB000138206 /* Sources */,
				84949D441EC9CDB000138206 /* Frameworks */,
				84949D451EC9CDB000138206 /* Resources */,
			);
			buildRules = (
			);
			dependencies = (
				84949D491EC9CDB000138206 /* PBXTargetDependency */,
			);
			name = ControlHandlerTests;
			productName = ControlHandlerTests;
			productReference = 84949D471EC9CDB000138206 /* ControlHandlerTests.xctest */;
			productType = "com.apple.product-type.bundle.unit-test";
		};
		84949D511EC9CDB000138206 /* ControlHandlerUITests */ = {
			isa = PBXNativeTarget;
			buildConfigurationList = 84949D611EC9CDB000138206 /* Build configuration list for PBXNativeTarget "ControlHandlerUITests" */;
			buildPhases = (
				84949D4E1EC9CDB000138206 /* Sources */,
				84949D4F1EC9CDB000138206 /* Frameworks */,
				84949D501EC9CDB000138206 /* Resources */,
			);
			buildRules = (
			);
			dependencies = (
				84949D541EC9CDB000138206 /* PBXTargetDependency */,
			);
			name = ControlHandlerUITests;
			productName = ControlHandlerUITests;
			productReference = 84949D521EC9CDB000138206 /* ControlHandlerUITests.xctest */;
			productType = "com.apple.product-type.bundle.ui-testing";
		};
/* End PBXNativeTarget section */

/* Begin PBXProject section */
		84949D2B1EC9CDB000138206 /* Project object */ = {
			isa = PBXProject;
			attributes = {
				LastSwiftUpdateCheck = 0830;
				LastUpgradeCheck = 0830;
				ORGANIZATIONNAME = admin;
				TargetAttributes = {
					84949D321EC9CDB000138206 = {
						CreatedOnToolsVersion = 8.3.2;
						ProvisioningStyle = Automatic;
					};
					84949D461EC9CDB000138206 = {
						CreatedOnToolsVersion = 8.3.2;
						ProvisioningStyle = Automatic;
						TestTargetID = 84949D321EC9CDB000138206;
					};
					84949D511EC9CDB000138206 = {
						CreatedOnToolsVersion = 8.3.2;
						ProvisioningStyle = Automatic;
						TestTargetID = 84949D321EC9CDB000138206;
					};
				};
			};
			buildConfigurationList = 84949D2E1EC9CDB000138206 /* Build configuration list for PBXProject "ControlHandler" */;
			compatibilityVersion = "Xcode 3.2";
			developmentRegion = English;
			hasScannedForEncodings = 0;
			knownRegions = (
				en,
				Base,
			);
			mainGroup = 84949D2A1EC9CDB000138206;
			productRefGroup = 84949D341EC9CDB000138206 /* Products */;
			projectDirPath = "";
			projectRoot = "";
			targets = (
				84949D321EC9CDB000138206 /* ControlHandler */,
				84949D461EC9CDB000138206 /* ControlHandlerTests */,
				84949D511EC9CDB000138206 /* ControlHandlerUITests */,
			);
		};
/* End PBXProject section */

/* Begin PBXResourcesBuildPhase section */
		84949D311EC9CDB000138206 /* Resources */ = {
			isa = PBXResourcesBuildPhase;
			buildActionMask = 2147483647;
			files = (
				84949D411EC9CDB000138206 /* LaunchScreen.storyboard in Resources */,
				84949D3E1EC9CDB000138206 /* Assets.xcassets in Resources */,
				84949D3C1EC9CDB000138206 /* Main.storyboard in Resources */,
			);
			runOnlyForDeploymentPostprocessing = 0;
		};
		84949D451EC9CDB000138206 /* Resources */ = {
			isa = PBXResourcesBuildPhase;
			buildActionMask = 2147483647;
			files = (
			);
			runOnlyForDeploymentPostprocessing = 0;
		};
		84949D501EC9CDB000138206 /* Resources */ = {
			isa = PBXResourcesBuildPhase;
			buildActionMask = 2147483647;
			files = (
			);
			runOnlyForDeploymentPostprocessing = 0;
		};
/* End PBXResourcesBuildPhase section */

/* Begin PBXSourcesBuildPhase section */
		84949D2F1EC9CDB000138206 /* Sources */ = {
			isa = PBXSourcesBuildPhase;
			buildActionMask = 2147483647;
			files = (
				84949D391EC9CDB000138206 /* ViewController.swift in Sources */,
				84949D651EC9CF2E00138206 /* ControlHandler.swift in Sources */,
				84949D371EC9CDB000138206 /* AppDelegate.swift in Sources */,
			);
			runOnlyForDeploymentPostprocessing = 0;
		};
		84949D431EC9CDB000138206 /* Sources */ = {
			isa = PBXSourcesBuildPhase;
			buildActionMask = 2147483647;
			files = (
				84949D4C1EC9CDB000138206 /* ControlHandlerTests.swift in Sources */,
			);
			runOnlyForDeploymentPostprocessing = 0;
		};
		84949D4E1EC9CDB000138206 /* Sources */ = {
			isa = PBXSourcesBuildPhase;
			buildActionMask = 2147483647;
			files = (
				84949D571EC9CDB000138206 /* ControlHandlerUITests.swift in Sources */,
			);
			runOnlyForDeploymentPostprocessing = 0;
		};
/* End PBXSourcesBuildPhase section */

/* Begin PBXTargetDependency section */
		84949D491EC9CDB000138206 /* PBXTargetDependency */ = {
			isa = PBXTargetDependency;
			target = 84949D321EC9CDB000138206 /* ControlHandler */;
			targetProxy = 84949D481EC9CDB000138206 /* PBXContainerItemProxy */;
		};
		84949D541EC9CDB000138206 /* PBXTargetDependency */ = {
			isa = PBXTargetDependency;
			target = 84949D321EC9CDB000138206 /* ControlHandler */;
			targetProxy = 84949D531EC9CDB000138206 /* PBXContainerItemProxy */;
		};
/* End PBXTargetDependency section */

/* Begin PBXVariantGroup section */
		84949D3A1EC9CDB000138206 /* Main.storyboard */ = {
			isa = PBXVariantGroup;
			children = (
				84949D3B1EC9CDB000138206 /* Base */,
			);
			name = Main.storyboard;
			sourceTree = "<group>";
		};
		84949D3F1EC9CDB000138206 /* LaunchScreen.storyboard */ = {
			isa = PBXVariantGroup;
			children = (
				84949D401EC9CDB000138206 /* Base */,
			);
			name = LaunchScreen.storyboard;
			sourceTree = "<group>";
		};
/* End PBXVariantGroup section */

/* Begin XCBuildConfiguration section */
		84949D591EC9CDB000138206 /* Debug */ = {
			isa = XCBuildConfiguration;
			buildSettings = {
				ALWAYS_SEARCH_USER_PATHS = NO;
				CLANG_ANALYZER_NONNULL = YES;
				CLANG_ANALYZER_NUMBER_OBJECT_CONVERSION = YES_AGGRESSIVE;
				CLANG_CXX_LANGUAGE_STANDARD = "gnu++0x";
				CLANG_CXX_LIBRARY = "libc++";
				CLANG_ENABLE_MODULES = YES;
				CLANG_ENABLE_OBJC_ARC = YES;
				CLANG_WARN_BOOL_CONVERSION = YES;
				CLANG_WARN_CONSTANT_CONVERSION = YES;
				CLANG_WARN_DIRECT_OBJC_ISA_USAGE = YES_ERROR;
				CLANG_WARN_DOCUMENTATION_COMMENTS = YES;
				CLANG_WARN_EMPTY_BODY = YES;
				CLANG_WARN_ENUM_CONVERSION = YES;
				CLANG_WARN_INFINITE_RECURSION = YES;
				CLANG_WARN_INT_CONVERSION = YES;
				CLANG_WARN_OBJC_ROOT_CLASS = YES_ERROR;
				CLANG_WARN_SUSPICIOUS_MOVE = YES;
				CLANG_WARN_UNREACHABLE_CODE = YES;
				CLANG_WARN__DUPLICATE_METHOD_MATCH = YES;
				"CODE_SIGN_IDENTITY[sdk=iphoneos*]" = "iPhone Developer";
				COPY_PHASE_STRIP = NO;
				DEBUG_INFORMATION_FORMAT = dwarf;
				ENABLE_STRICT_OBJC_MSGSEND = YES;
				ENABLE_TESTABILITY = YES;
				GCC_C_LANGUAGE_STANDARD = gnu99;
				GCC_DYNAMIC_NO_PIC = NO;
				GCC_NO_COMMON_BLOCKS = YES;
				GCC_OPTIMIZATION_LEVEL = 0;
				GCC_PREPROCESSOR_DEFINITIONS = (
					"DEBUG=1",
					"$(inherited)",
				);
				GCC_WARN_64_TO_32_BIT_CONVERSION = YES;
				GCC_WARN_ABOUT_RETURN_TYPE = YES_ERROR;
				GCC_WARN_UNDECLARED_SELECTOR = YES;
				GCC_WARN_UNINITIALIZED_AUTOS = YES_AGGRESSIVE;
				GCC_WARN_UNUSED_FUNCTION = YES;
				GCC_WARN_UNUSED_VARIABLE = YES;
				IPHONEOS_DEPLOYMENT_TARGET = 10.3;
				MTL_ENABLE_DEBUG_INFO = YES;
				ONLY_ACTIVE_ARCH = YES;
				SDKROOT = iphoneos;
				SWIFT_ACTIVE_COMPILATION_CONDITIONS = DEBUG;
				SWIFT_OPTIMIZATION_LEVEL = "-Onone";
				TARGETED_DEVICE_FAMILY = "1,2";
			};
			name = Debug;
		};
		84949D5A1EC9CDB000138206 /* Release */ = {
			isa = XCBuildConfiguration;
			buildSettings = {
				ALWAYS_SEARCH_USER_PATHS = NO;
				CLANG_ANALYZER_NONNULL = YES;
				CLANG_ANALYZER_NUMBER_OBJECT_CONVERSION = YES_AGGRESSIVE;
				CLANG_CXX_LANGUAGE_STANDARD = "gnu++0x";
				CLANG_CXX_LIBRARY = "libc++";
				CLANG_ENABLE_MODULES = YES;
				CLANG_ENABLE_OBJC_ARC = YES;
				CLANG_WARN_BOOL_CONVERSION = YES;
				CLANG_WARN_CONSTANT_CONVERSION = YES;
				CLANG_WARN_DIRECT_OBJC_ISA_USAGE = YES_ERROR;
				CLANG_WARN_DOCUMENTATION_COMMENTS = YES;
				CLANG_WARN_EMPTY_BODY = YES;
				CLANG_WARN_ENUM_CONVERSION = YES;
				CLANG_WARN_INFINITE_RECURSION = YES;
				CLANG_WARN_INT_CONVERSION = YES;
				CLANG_WARN_OBJC_ROOT_CLASS = YES_ERROR;
				CLANG_WARN_SUSPICIOUS_MOVE = YES;
				CLANG_WARN_UNREACHABLE_CODE = YES;
				CLANG_WARN__DUPLICATE_METHOD_MATCH = YES;
				"CODE_SIGN_IDENTITY[sdk=iphoneos*]" = "iPhone Developer";
				COPY_PHASE_STRIP = NO;
				DEBUG_INFORMATION_FORMAT = "dwarf-with-dsym";
				ENABLE_NS_ASSERTIONS = NO;
				ENABLE_STRICT_OBJC_MSGSEND = YES;
				GCC_C_LANGUAGE_STANDARD = gnu99;
				GCC_NO_COMMON_BLOCKS = YES;
				GCC_WARN_64_TO_32_BIT_CONVERSION = YES;
				GCC_WARN_ABOUT_RETURN_TYPE = YES_ERROR;
				GCC_WARN_UNDECLARED_SELECTOR = YES;
				GCC_WARN_UNINITIALIZED_AUTOS = YES_AGGRESSIVE;
				GCC_WARN_UNUSED_FUNCTION = YES;
				GCC_WARN_UNUSED_VARIABLE = YES;
				IPHONEOS_DEPLOYMENT_TARGET = 10.3;
				MTL_ENABLE_DEBUG_INFO = NO;
				SDKROOT = iphoneos;
				SWIFT_OPTIMIZATION_LEVEL = "-Owholemodule";
				TARGETED_DEVICE_FAMILY = "1,2";
				VALIDATE_PRODUCT = YES;
			};
			name = Release;
		};
		84949D5C1EC9CDB000138206 /* Debug */ = {
			isa = XCBuildConfiguration;
			buildSettings = {
				ASSETCATALOG_COMPILER_APPICON_NAME = AppIcon;
				INFOPLIST_FILE = ControlHandler/Info.plist;
				LD_RUNPATH_SEARCH_PATHS = "$(inherited) @executable_path/Frameworks";
				PRODUCT_BUNDLE_IDENTIFIER = com.abbie.controlHandler.ControlHandler;
				PRODUCT_NAME = "$(TARGET_NAME)";
				SWIFT_VERSION = 3.0;
			};
			name = Debug;
		};
		84949D5D1EC9CDB000138206 /* Release */ = {
			isa = XCBuildConfiguration;
			buildSettings = {
				ASSETCATALOG_COMPILER_APPICON_NAME = AppIcon;
				INFOPLIST_FILE = ControlHandler/Info.plist;
				LD_RUNPATH_SEARCH_PATHS = "$(inherited) @executable_path/Frameworks";
				PRODUCT_BUNDLE_IDENTIFIER = com.abbie.controlHandler.ControlHandler;
				PRODUCT_NAME = "$(TARGET_NAME)";
				SWIFT_VERSION = 3.0;
			};
			name = Release;
		};
		84949D5F1EC9CDB000138206 /* Debug */ = {
			isa = XCBuildConfiguration;
			buildSettings = {
				ALWAYS_EMBED_SWIFT_STANDARD_LIBRARIES = YES;
				BUNDLE_LOADER = "$(TEST_HOST)";
				INFOPLIST_FILE = ControlHandlerTests/Info.plist;
				LD_RUNPATH_SEARCH_PATHS = "$(inherited) @executable_path/Frameworks @loader_path/Frameworks";
				PRODUCT_BUNDLE_IDENTIFIER = com.abbie.controlHandler.ControlHandlerTests;
				PRODUCT_NAME = "$(TARGET_NAME)";
				SWIFT_VERSION = 3.0;
				TEST_HOST = "$(BUILT_PRODUCTS_DIR)/ControlHandler.app/ControlHandler";
			};
			name = Debug;
		};
		84949D601EC9CDB000138206 /* Release */ = {
			isa = XCBuildConfiguration;
			buildSettings = {
				ALWAYS_EMBED_SWIFT_STANDARD_LIBRARIES = YES;
				BUNDLE_LOADER = "$(TEST_HOST)";
				INFOPLIST_FILE = ControlHandlerTests/Info.plist;
				LD_RUNPATH_SEARCH_PATHS = "$(inherited) @executable_path/Frameworks @loader_path/Frameworks";
				PRODUCT_BUNDLE_IDENTIFIER = com.abbie.controlHandler.ControlHandlerTests;
				PRODUCT_NAME = "$(TARGET_NAME)";
				SWIFT_VERSION = 3.0;
				TEST_HOST = "$(BUILT_PRODUCTS_DIR)/ControlHandler.app/ControlHandler";
			};
			name = Release;
		};
		84949D621EC9CDB000138206 /* Debug */ = {
			isa = XCBuildConfiguration;
			buildSettings = {
				ALWAYS_EMBED_SWIFT_STANDARD_LIBRARIES = YES;
				INFOPLIST_FILE = ControlHandlerUITests/Info.plist;
				LD_RUNPATH_SEARCH_PATHS = "$(inherited) @executable_path/Frameworks @loader_path/Frameworks";
				PRODUCT_BUNDLE_IDENTIFIER = com.abbie.controlHandler.ControlHandlerUITests;
				PRODUCT_NAME = "$(TARGET_NAME)";
				SWIFT_VERSION = 3.0;
				TEST_TARGET_NAME = ControlHandler;
			};
			name = Debug;
		};
		84949D631EC9CDB000138206 /* Release */ = {
			isa = XCBuildConfiguration;
			buildSettings = {
				ALWAYS_EMBED_SWIFT_STANDARD_LIBRARIES = YES;
				INFOPLIST_FILE = ControlHandlerUITests/Info.plist;
				LD_RUNPATH_SEARCH_PATHS = "$(inherited) @executable_path/Frameworks @loader_path/Frameworks";
				PRODUCT_BUNDLE_IDENTIFIER = com.abbie.controlHandler.ControlHandlerUITests;
				PRODUCT_NAME = "$(TARGET_NAME)";
				SWIFT_VERSION = 3.0;
				TEST_TARGET_NAME = ControlHandler;
			};
			name = Release;
		};
/* End XCBuildConfiguration section */

/* Begin XCConfigurationList section */
		84949D2E1EC9CDB000138206 /* Build configuration list for PBXProject "ControlHandler" */ = {
			isa = XCConfigurationList;
			buildConfigurations = (
				84949D591EC9CDB000138206 /* Debug */,
				84949D5A1EC9CDB000138206 /* Release */,
			);
			defaultConfigurationIsVisible = 0;
			defaultConfigurationName = Release;
		};
		84949D5B1EC9CDB000138206 /* Build configuration list for PBXNativeTarget "ControlHandler" */ = {
			isa = XCConfigurationList;
			buildConfigurations = (
				84949D5C1EC9CDB000138206 /* Debug */,
				84949D5D1EC9CDB000138206 /* Release */,
			);
			defaultConfigurationIsVisible = 0;
		};
		84949D5E1EC9CDB000138206 /* Build configuration list for PBXNativeTarget "ControlHandlerTests" */ = {
			isa = XCConfigurationList;
			buildConfigurations = (
				84949D5F1EC9CDB000138206 /* Debug */,
				84949D601EC9CDB000138206 /* Release */,
			);
			defaultConfigurationIsVisible = 0;
		};
		84949D611EC9CDB000138206 /* Build configuration list for PBXNativeTarget "ControlHandlerUITests" */ = {
			isa = XCConfigurationList;
			buildConfigurations = (
				84949D621EC9CDB000138206 /* Debug */,
				84949D631EC9CDB000138206 /* Release */,
			);
			defaultConfigurationIsVisible = 0;
		};
/* End XCConfigurationList section */
	};
	rootObject = 84949D2B1EC9CDB000138206 /* Project object */;
}
